
Microsoft Visual Studio Solution File, Format Version 12.00
# Visual Studio Version 17
VisualStudioVersion = 17.6.33829.357
MinimumVisualStudioVersion = 10.0.40219.1
Project("{FAE04EC0-301F-11D3-BF4B-00C04F79EFBC}") = "EntityFrameworkQueries", "EntityFrameworkQueries\EntityFrameworkQueries.csproj", "{8FADB153-EB1F-4336-A57C-E268C59AE77C}"
EndProject
Global
	GlobalSection(SolutionConfigurationPlatforms) = preSolution
		Debug|Any CPU = Debug|Any CPU
		Release|Any CPU = Release|Any CPU
	EndGlobalSection
	GlobalSection(ProjectConfigurationPlatforms) = postSolution
		{8FADB153-EB1F-4336-A57C-E268C59AE77C}.Debug|Any CPU.ActiveCfg = Debug|Any CPU
		{8FADB153-EB1F-4336-A57C-E268C59AE77C}.Debug|Any CPU.Build.0 = Debug|Any CPU
		{8FADB153-EB1F-4336-A57C-E268C59AE77C}.Release|Any CPU.ActiveCfg = Release|Any CPU
		{8FADB153-EB1F-4336-A57C-E268C59AE77C}.Release|Any CPU.Build.0 = Release|Any CPU
	EndGlobalSection
	GlobalSection(SolutionProperties) = preSolution
		HideSolutionNode = FALSE
	EndGlobalSection
	GlobalSection(ExtensibilityGlobals) = postSolution
		SolutionGuid = {F79DAA8F-AFFD-49A0-9958-9619B0FB30A0}
	EndGlobalSection
EndGlobal
